<?xml version="1.0" encoding="utf-8"?>
<Project ToolsVersion="4.0" xmlns="http://schemas.microsoft.com/developer/msbuild/2003">
  <ItemGroup>
    <Filter Include="소스 파일">
      <UniqueIdentifier>{4FC737F1-C7A5-4376-A066-2A32D752A2FF}</UniqueIdentifier>
      <Extensions>cpp;c;cc;cxx;c++;cppm;ixx;def;odl;idl;hpj;bat;asm;asmx</Extensions>
    </Filter>
    <Filter Include="헤더 파일">
      <UniqueIdentifier>{93995380-89BD-4b04-88EB-625FBE52EBFB}</UniqueIdentifier>
      <Extensions>h;hh;hpp;hxx;h++;hm;inl;inc;ipp;xsd</Extensions>
    </Filter>
    <Filter Include="리소스 파일">
      <UniqueIdentifier>{67DA6AB6-F800-4c08-8B7A-83BB121AAD01}</UniqueIdentifier>
      <Extensions>rc;ico;cur;bmp;dlg;rc2;rct;bin;rgs;gif;jpg;jpeg;jpe;resx;tiff;tif;png;wav;mfcribbon-ms</Extensions>
    </Filter>
  </ItemGroup>
  <ItemGroup>
    <ResourceCompile Include="CustomerClient.rc">
      <Filter>리소스 파일</Filter>
    </ResourceCompile>
  </ItemGroup>
  <ItemGroup>
    <None Include="res\CustomerClient.rc2">
      <Filter>리소스 파일</Filter>
    </None>
  </ItemGroup>
  <ItemGroup>
    <Image Include="res\CustomerClient.ico">
      <Filter>리소스 파일</Filter>
    </Image>
  </ItemGroup>
  <ItemGroup>
    <ClInclude Include="header\AuthManager.h">
      <Filter>헤더 파일</Filter>
    </ClInclude>
    <ClInclude Include="header\CartDlg.h">
      <Filter>헤더 파일</Filter>
    </ClInclude>
    <ClInclude Include="header\CartItem.h">
      <Filter>헤더 파일</Filter>
    </ClInclude>
    <ClInclude Include="header\ChatDlg.h">
      <Filter>헤더 파일</Filter>
    </ClInclude>
    <ClInclude Include="header\ChatManager.h">
      <Filter>헤더 파일</Filter>
    </ClInclude>
    <ClInclude Include="header\DeliveryOkDlg.h">
      <Filter>헤더 파일</Filter>
    </ClInclude>
    <ClInclude Include="header\json.hpp">
      <Filter>헤더 파일</Filter>
    </ClInclude>
    <ClInclude Include="header\LoginDlg.h">
      <Filter>헤더 파일</Filter>
    </ClInclude>
    <ClInclude Include="header\MainHomeDlg.h">
      <Filter>헤더 파일</Filter>
    </ClInclude>
    <ClInclude Include="header\MenuDetailDlg.h">
      <Filter>헤더 파일</Filter>
    </ClInclude>
    <ClInclude Include="header\MenuInfo.h">
      <Filter>헤더 파일</Filter>
    </ClInclude>
    <ClInclude Include="header\MenuInfo_final.h">
      <Filter>헤더 파일</Filter>
    </ClInclude>
    <ClInclude Include="header\NetworkManager.h">
      <Filter>헤더 파일</Filter>
    </ClInclude>
    <ClInclude Include="header\OptionChangeDlg.h">
      <Filter>헤더 파일</Filter>
    </ClInclude>
    <ClInclude Include="header\OrderHistoryDlg.h">
      <Filter>헤더 파일</Filter>
    </ClInclude>
    <ClInclude Include="header\OrderInfo.h">
      <Filter>헤더 파일</Filter>
    </ClInclude>
    <ClInclude Include="header\OrderManager.h">
      <Filter>헤더 파일</Filter>
    </ClInclude>
    <ClInclude Include="header\PaymentDlg.h">
      <Filter>헤더 파일</Filter>
    </ClInclude>
    <ClInclude Include="header\ReviewListDlg.h">
      <Filter>헤더 파일</Filter>
    </ClInclude>
    <ClInclude Include="header\ReviewWriteDlg.h">
      <Filter>헤더 파일</Filter>
    </ClInclude>
    <ClInclude Include="header\ScrollMenu.h">
      <Filter>헤더 파일</Filter>
    </ClInclude>
    <ClInclude Include="header\StoreDetailDlg.h">
      <Filter>헤더 파일</Filter>
    </ClInclude>
    <ClInclude Include="header\StoreInfo.h">
      <Filter>헤더 파일</Filter>
    </ClInclude>
    <ClInclude Include="header\StoreListDlg.h">
      <Filter>헤더 파일</Filter>
    </ClInclude>
    <ClInclude Include="header\UserInfo.h">
      <Filter>헤더 파일</Filter>
    </ClInclude>
  </ItemGroup>
  <ItemGroup>
    <ClCompile Include="src\AuthManager.cpp">
      <Filter>소스 파일</Filter>
    </ClCompile>
    <ClCompile Include="src\CartDlg.cpp">
      <Filter>소스 파일</Filter>
    </ClCompile>
    <ClCompile Include="src\CartItem.cpp">
      <Filter>소스 파일</Filter>
    </ClCompile>
    <ClCompile Include="src\ChatDlg.cpp">
      <Filter>소스 파일</Filter>
    </ClCompile>
    <ClCompile Include="src\ChatManager.cpp">
      <Filter>소스 파일</Filter>
    </ClCompile>
    <ClCompile Include="src\CustomerClient.cpp">
      <Filter>소스 파일</Filter>
    </ClCompile>
    <ClCompile Include="src\DeliveryOkDlg.cpp">
      <Filter>소스 파일</Filter>
    </ClCompile>
    <ClCompile Include="src\LoginDlg.cpp">
      <Filter>소스 파일</Filter>
    </ClCompile>
    <ClCompile Include="src\MainHomeDlg.cpp">
      <Filter>소스 파일</Filter>
    </ClCompile>
    <ClCompile Include="src\MenuDetailDlg.cpp">
      <Filter>소스 파일</Filter>
    </ClCompile>
    <ClCompile Include="src\NetworkManager.cpp">
      <Filter>소스 파일</Filter>
    </ClCompile>
    <ClCompile Include="src\OptionChangeDlg.cpp">
      <Filter>소스 파일</Filter>
    </ClCompile>
    <ClCompile Include="src\OrderHistoryDlg.cpp">
      <Filter>소스 파일</Filter>
    </ClCompile>
    <ClCompile Include="src\OrderManager.cpp">
      <Filter>소스 파일</Filter>
    </ClCompile>
    <ClCompile Include="src\PaymentDlg.cpp">
      <Filter>소스 파일</Filter>
    </ClCompile>
    <ClCompile Include="src\ReviewListDlg.cpp">
      <Filter>소스 파일</Filter>
    </ClCompile>
    <ClCompile Include="src\ReviewWriteDlg.cpp">
      <Filter>소스 파일</Filter>
    </ClCompile>
    <ClCompile Include="src\ScrollMenu.cpp">
      <Filter>소스 파일</Filter>
    </ClCompile>
    <ClCompile Include="src\StoreDetailDlg.cpp">
      <Filter>소스 파일</Filter>
    </ClCompile>
    <ClCompile Include="src\StoreListDlg.cpp">
      <Filter>소스 파일</Filter>
    </ClCompile>
    <ClCompile Include="pch.cpp" />
    <ClCompile Include="src\MenuInfo.cpp">
      <Filter>소스 파일</Filter>
    </ClCompile>
    <ClCompile Include="src\OrderInfo.cpp">
      <Filter>소스 파일</Filter>
    </ClCompile>
    <ClCompile Include="src\StoreInfo.cpp">
      <Filter>소스 파일</Filter>
    </ClCompile>
    <ClCompile Include="src\StoreListDlg_patch.cpp">
      <Filter>소스 파일</Filter>
    </ClCompile>
    <ClCompile Include="src\UserInfo.cpp">
      <Filter>소스 파일</Filter>
    </ClCompile>
  </ItemGroup>
</Project>